{
  "originHash" : "aec41d508851cd02de8454d3739f801282bc535a2045564edac3a3c6672f4184",
  "pins" : [
    {
      "identity" : "capacitor-swift-pm",
      "kind" : "remoteSourceControl",
      "location" : "https://github.com/ionic-team/capacitor-swift-pm.git",
      "state" : {
        "revision" : "ba301d2c37bc6d9a67978f81d312597243ab61af",
        "version" : "8.3.2"
      }
    },
    {
      "identity" : "ion-ios-camera",
      "kind" : "remoteSourceControl",
      "location" : "https://github.com/ionic-team/ion-ios-camera.git",
      "state" : {
        "revision" : "2cd4f06b0ece21b6458e23357280c51f94bfceb8",
        "version" : "1.0.4"
      }
    }
  ],
  "version" : 3
}
